// !$*UTF8*$!
{
	archiveVersion = 1;
	classes = {
	};
	objectVersion = 46;
	objects = {

/* Begin PBXBuildFile section */
		89AC74C61A03E52D00D4B5C3 /* AppDelegate.swift in Sources */ = {isa = PBXBuildFile; fileRef = 89AC74C51A03E52D00D4B5C3 /* AppDelegate.swift */; };
		89AC74C81A03E52D00D4B5C3 /* ViewController.swift in Sources */ = {isa = PBXBuildFile; fileRef = 89AC74C71A03E52D00D4B5C3 /* ViewController.swift */; };
		89AC74CB1A03E52D00D4B5C3 /* Main.storyboard in Resources */ = {isa = PBXBuildFile; fileRef = 89AC74C91A03E52D00D4B5C3 /* Main.storyboard */; };
		89AC74CD1A03E52D00D4B5C3 /* Images.xcassets in Resources */ = {isa = PBXBuildFile; fileRef = 89AC74CC1A03E52D00D4B5C3 /* Images.xcassets */; };
		89AC74D01A03E52D00D4B5C3 /* LaunchScreen.xib in Resources */ = {isa = PBXBuildFile; fileRef = 89AC74CE1A03E52D00D4B5C3 /* LaunchScreen.xib */; };
		89AC74DC1A03E52D00D4B5C3 /* FingerPaintTests.swift in Sources */ = {isa = PBXBuildFile; fileRef = 89AC74DB1A03E52D00D4B5C3 /* FingerPaintTests.swift */; };
/* End PBXBuildFile section */

/* Begin PBXContainerItemProxy section */
		89AC74D61A03E52D00D4B5C3 /* PBXContainerItemProxy */ = {
			isa = PBXContainerItemProxy;
			containerPortal = 89AC74B81A03E52D00D4B5C3 /* Project object */;
			proxyType = 1;
			remoteGlobalIDString = 89AC74BF1A03E52D00D4B5C3;
			remoteInfo = FingerPaint;
		};
/* End PBXContainerItemProxy section */

/* Begin PBXFileReference section */
		89AC74C01A03E52D00D4B5C3 /* FingerPaint.app */ = {isa = PBXFileReference; explicitFileType = wrapper.application; includeInIndex = 0; path = FingerPaint.app; sourceTree = BUILT_PRODUCTS_DIR; };
		89AC74C41A03E52D00D4B5C3 /* Info.plist */ = {isa = PBXFileReference; lastKnownFileType = text.plist.xml; path = Info.plist; sourceTree = "<group>"; };
		89AC74C51A03E52D00D4B5C3 /* AppDelegate.swift */ = {isa = PBXFileReference; lastKnownFileType = sourcecode.swift; path = AppDelegate.swift; sourceTree = "<group>"; };
		89AC74C71A03E52D00D4B5C3 /* ViewController.swift */ = {isa = PBXFileReference; lastKnownFileType = sourcecode.swift; path = ViewController.swift; sourceTree = "<group>"; };
		89AC74CA1A03E52D00D4B5C3 /* Base */ = {isa = PBXFileReference; lastKnownFileType = file.storyboard; name = Base; path = Base.lproj/Main.storyboard; sourceTree = "<group>"; };
		89AC74CC1A03E52D00D4B5C3 /* Images.xcassets */ = {isa = PBXFileReference; lastKnownFileType = folder.assetcatalog; path = Images.xcassets; sourceTree = "<group>"; };
		89AC74CF1A03E52D00D4B5C3 /* Base */ = {isa = PBXFileReference; lastKnownFileType = file.xib; name = Base; path = Base.lproj/LaunchScreen.xib; sourceTree = "<group>"; };
		89AC74D51A03E52D00D4B5C3 /* FingerPaintTests.xctest */ = {isa = PBXFileReference; explicitFileType = wrapper.cfbundle; includeInIndex = 0; path = FingerPaintTests.xctest; sourceTree = BUILT_PRODUCTS_DIR; };
		89AC74DA1A03E52D00D4B5C3 /* Info.plist */ = {isa = PBXFileReference; lastKnownFileType = text.plist.xml; path = Info.plist; sourceTree = "<group>"; };
		89AC74DB1A03E52D00D4B5C3 /* FingerPaintTests.swift */ = {isa = PBXFileReference; lastKnownFileType = sourcecode.swift; path = FingerPaintTests.swift; sourceTree = "<group>"; };
/* End PBXFileReference section */

/* Begin PBXFrameworksBuildPhase section */
		89AC74BD1A03E52D00D4B5C3 /* Frameworks */ = {
			isa = PBXFrameworksBuildPhase;
			buildActionMask = 2147483647;
			files = (
			);
			runOnlyForDeploymentPostprocessing = 0;
		};
		89AC74D21A03E52D00D4B5C3 /* Frameworks */ = {
			isa = PBXFrameworksBuildPhase;
			buildActionMask = 2147483647;
			files = (
			);
			runOnlyForDeploymentPostprocessing = 0;
		};
/* End PBXFrameworksBuildPhase section */

/* Begin PBXGroup section */
		89AC74B71A03E52D00D4B5C3 = {
			isa = PBXGroup;
			children = (
				89AC74C21A03E52D00D4B5C3 /* FingerPaint */,
				89AC74D81A03E52D00D4B5C3 /* FingerPaintTests */,
				89AC74C11A03E52D00D4B5C3 /* Products */,
			);
			sourceTree = "<group>";
		};
		89AC74C11A03E52D00D4B5C3 /* Products */ = {
			isa = PBXGroup;
			children = (
				89AC74C01A03E52D00D4B5C3 /* FingerPaint.app */,
				89AC74D51A03E52D00D4B5C3 /* FingerPaintTests.xctest */,
			);
			name = Products;
			sourceTree = "<group>";
		};
		89AC74C21A03E52D00D4B5C3 /* FingerPaint */ = {
			isa = PBXGroup;
			children = (
				89AC74C51A03E52D00D4B5C3 /* AppDelegate.swift */,
				89AC74C71A03E52D00D4B5C3 /* ViewController.swift */,
				89AC74C91A03E52D00D4B5C3 /* Main.storyboard */,
				89AC74CC1A03E52D00D4B5C3 /* Images.xcassets */,
				89AC74CE1A03E52D00D4B5C3 /* LaunchScreen.xib */,
				89AC74C31A03E52D00D4B5C3 /* Supporting Files */,
			);
			path = FingerPaint;
			sourceTree = "<group>";
		};
		89AC74C31A03E52D00D4B5C3 /* Supporting Files */ = {
			isa = PBXGroup;
			children = (
				89AC74C41A03E52D00D4B5C3 /* Info.plist */,
			);
			name = "Supporting Files";
			sourceTree = "<group>";
		};
		89AC74D81A03E52D00D4B5C3 /* FingerPaintTests */ = {
			isa = PBXGroup;
			children = (
				89AC74DB1A03E52D00D4B5C3 /* FingerPaintTests.swift */,
				89AC74D91A03E52D00D4B5C3 /* Supporting Files */,
			);
			path = FingerPaintTests;
			sourceTree = "<group>";
		};
		89AC74D91A03E52D00D4B5C3 /* Supporting Files */ = {
			isa = PBXGroup;
			children = (
				89AC74DA1A03E52D00D4B5C3 /* Info.plist */,
			);
			name = "Supporting Files";
			sourceTree = "<group>";
		};
/* End PBXGroup section */

/* Begin PBXNativeTarget section */
		89AC74BF1A03E52D00D4B5C3 /* FingerPaint */ = {
			isa = PBXNativeTarget;
			buildConfigurationList = 89AC74DF1A03E52D00D4B5C3 /* Build configuration list for PBXNativeTarget "FingerPaint" */;
			buildPhases = (
				89AC74BC1A03E52D00D4B5C3 /* Sources */,
				89AC74BD1A03E52D00D4B5C3 /* Frameworks */,
				89AC74BE1A03E52D00D4B5C3 /* Resources */,
			);
			buildRules = (
			);
			dependencies = (
			);
			name = FingerPaint;
			productName = FingerPaint;
			productReference = 89AC74C01A03E52D00D4B5C3 /* FingerPaint.app */;
			productType = "com.apple.product-type.application";
		};
		89AC74D41A03E52D00D4B5C3 /* FingerPaintTests */ = {
			isa = PBXNativeTarget;
			buildConfigurationList = 89AC74E21A03E52D00D4B5C3 /* Build configuration list for PBXNativeTarget "FingerPaintTests" */;
			buildPhases = (
				89AC74D11A03E52D00D4B5C3 /* Sources */,
				89AC74D21A03E52D00D4B5C3 /* Frameworks */,
				89AC74D31A03E52D00D4B5C3 /* Resources */,
			);
			buildRules = (
			);
			dependencies = (
				89AC74D71A03E52D00D4B5C3 /* PBXTargetDependency */,
			);
			name = FingerPaintTests;
			productName = FingerPaintTests;
			productReference = 89AC74D51A03E52D00D4B5C3 /* FingerPaintTests.xctest */;
			productType = "com.apple.product-type.bundle.unit-test";
		};
/* End PBXNativeTarget section */

/* Begin PBXProject section */
		89AC74B81A03E52D00D4B5C3 /* Project object */ = {
			isa = PBXProject;
			attributes = {
				LastUpgradeCheck = 0610;
				ORGANIZATIONNAME = Delbert;
				TargetAttributes = {
					89AC74BF1A03E52D00D4B5C3 = {
						CreatedOnToolsVersion = 6.1;
					};
					89AC74D41A03E52D00D4B5C3 = {
						CreatedOnToolsVersion = 6.1;
						TestTargetID = 89AC74BF1A03E52D00D4B5C3;
					};
				};
			};
			buildConfigurationList = 89AC74BB1A03E52D00D4B5C3 /* Build configuration list for PBXProject "FingerPaint" */;
			compatibilityVersion = "Xcode 3.2";
			developmentRegion = English;
			hasScannedForEncodings = 0;
			knownRegions = (
				en,
				Base,
			);
			mainGroup = 89AC74B71A03E52D00D4B5C3;
			productRefGroup = 89AC74C11A03E52D00D4B5C3 /* Products */;
			projectDirPath = "";
			projectRoot = "";
			targets = (
				89AC74BF1A03E52D00D4B5C3 /* FingerPaint */,
				89AC74D41A03E52D00D4B5C3 /* FingerPaintTests */,
			);
		};
/* End PBXProject section */

/* Begin PBXResourcesBuildPhase section */
		89AC74BE1A03E52D00D4B5C3 /* Resources */ = {
			isa = PBXResourcesBuildPhase;
			buildActionMask = 2147483647;
			files = (
				89AC74CB1A03E52D00D4B5C3 /* Main.storyboard in Resources */,
				89AC74D01A03E52D00D4B5C3 /* LaunchScreen.xib in Resources */,
				89AC74CD1A03E52D00D4B5C3 /* Images.xcassets in Resources */,
			);
			runOnlyForDeploymentPostprocessing = 0;
		};
		89AC74D31A03E52D00D4B5C3 /* Resources */ = {
			isa = PBXResourcesBuildPhase;
			buildActionMask = 2147483647;
			files = (
			);
			runOnlyForDeploymentPostprocessing = 0;
		};
/* End PBXResourcesBuildPhase section */

/* Begin PBXSourcesBuildPhase section */
		89AC74BC1A03E52D00D4B5C3 /* Sources */ = {
			isa = PBXSourcesBuildPhase;
			buildActionMask = 2147483647;
			files = (
				89AC74C81A03E52D00D4B5C3 /* ViewController.swift in Sources */,
				89AC74C61A03E52D00D4B5C3 /* AppDelegate.swift in Sources */,
			);
			runOnlyForDeploymentPostprocessing = 0;
		};
		89AC74D11A03E52D00D4B5C3 /* Sources */ = {
			isa = PBXSourcesBuildPhase;
			buildActionMask = 2147483647;
			files = (
				89AC74DC1A03E52D00D4B5C3 /* FingerPaintTests.swift in Sources */,
			);
			runOnlyForDeploymentPostprocessing = 0;
		};
/* End PBXSourcesBuildPhase section */

/* Begin PBXTargetDependency section */
		89AC74D71A03E52D00D4B5C3 /* PBXTargetDependency */ = {
			isa = PBXTargetDependency;
			target = 89AC74BF1A03E52D00D4B5C3 /* FingerPaint */;
			targetProxy = 89AC74D61A03E52D00D4B5C3 /* PBXContainerItemProxy */;
		};
/* End PBXTargetDependency section */

/* Begin PBXVariantGroup section */
		89AC74C91A03E52D00D4B5C3 /* Main.storyboard */ = {
			isa = PBXVariantGroup;
			children = (
				89AC74CA1A03E52D00D4B5C3 /* Base */,
			);
			name = Main.storyboard;
			sourceTree = "<group>";
		};
		89AC74CE1A03E52D00D4B5C3 /* LaunchScreen.xib */ = {
			isa = PBXVariantGroup;
			children = (
				89AC74CF1A03E52D00D4B5C3 /* Base */,
			);
			name = LaunchScreen.xib;
			sourceTree = "<group>";
		};
/* End PBXVariantGroup section */

/* Begin XCBuildConfiguration section */
		89AC74DD1A03E52D00D4B5C3 /* Debug */ = {
			isa = XCBuildConfiguration;
			buildSettings = {
				ALWAYS_SEARCH_USER_PATHS = NO;
				CLANG_CXX_LANGUAGE_STANDARD = "gnu++0x";
				CLANG_CXX_LIBRARY = "libc++";
				CLANG_ENABLE_MODULES = YES;
				CLANG_ENABLE_OBJC_ARC = YES;
				CLANG_WARN_BOOL_CONVERSION = YES;
				CLANG_WARN_CONSTANT_CONVERSION = YES;
				CLANG_WARN_DIRECT_OBJC_ISA_USAGE = YES_ERROR;
				CLANG_WARN_EMPTY_BODY = YES;
				CLANG_WARN_ENUM_CONVERSION = YES;
				CLANG_WARN_INT_CONVERSION = YES;
				CLANG_WARN_OBJC_ROOT_CLASS = YES_ERROR;
				CLANG_WARN_UNREACHABLE_CODE = YES;
				CLANG_WARN__DUPLICATE_METHOD_MATCH = YES;
				"CODE_SIGN_IDENTITY[sdk=iphoneos*]" = "iPhone Developer";
				COPY_PHASE_STRIP = NO;
				ENABLE_STRICT_OBJC_MSGSEND = YES;
				GCC_C_LANGUAGE_STANDARD = gnu99;
				GCC_DYNAMIC_NO_PIC = NO;
				GCC_OPTIMIZATION_LEVEL = 0;
				GCC_PREPROCESSOR_DEFINITIONS = (
					"DEBUG=1",
					"$(inherited)",
				);
				GCC_SYMBOLS_PRIVATE_EXTERN = NO;
				GCC_WARN_64_TO_32_BIT_CONVERSION = YES;
				GCC_WARN_ABOUT_RETURN_TYPE = YES_ERROR;
				GCC_WARN_UNDECLARED_SELECTOR = YES;
				GCC_WARN_UNINITIALIZED_AUTOS = YES_AGGRESSIVE;
				GCC_WARN_UNUSED_FUNCTION = YES;
				GCC_WARN_UNUSED_VARIABLE = YES;
				IPHONEOS_DEPLOYMENT_TARGET = 8.1;
				MTL_ENABLE_DEBUG_INFO = YES;
				ONLY_ACTIVE_ARCH = YES;
				SDKROOT = iphoneos;
				SWIFT_OPTIMIZATION_LEVEL = "-Onone";
			};
			name = Debug;
		};
		89AC74DE1A03E52D00D4B5C3 /* Release */ = {
			isa = XCBuildConfiguration;
			buildSettings = {
				ALWAYS_SEARCH_USER_PATHS = NO;
				CLANG_CXX_LANGUAGE_STANDARD = "gnu++0x";
				CLANG_CXX_LIBRARY = "libc++";
				CLANG_ENABLE_MODULES = YES;
				CLANG_ENABLE_OBJC_ARC = YES;
				CLANG_WARN_BOOL_CONVERSION = YES;
				CLANG_WARN_CONSTANT_CONVERSION = YES;
				CLANG_WARN_DIRECT_OBJC_ISA_USAGE = YES_ERROR;
				CLANG_WARN_EMPTY_BODY = YES;
				CLANG_WARN_ENUM_CONVERSION = YES;
				CLANG_WARN_INT_CONVERSION = YES;
				CLANG_WARN_OBJC_ROOT_CLASS = YES_ERROR;
				CLANG_WARN_UNREACHABLE_CODE = YES;
				CLANG_WARN__DUPLICATE_METHOD_MATCH = YES;
				"CODE_SIGN_IDENTITY[sdk=iphoneos*]" = "iPhone Developer";
				COPY_PHASE_STRIP = YES;
				ENABLE_NS_ASSERTIONS = NO;
				ENABLE_STRICT_OBJC_MSGSEND = YES;
				GCC_C_LANGUAGE_STANDARD = gnu99;
				GCC_WARN_64_TO_32_BIT_CONVERSION = YES;
				GCC_WARN_ABOUT_RETURN_TYPE = YES_ERROR;
				GCC_WARN_UNDECLARED_SELECTOR = YES;
				GCC_WARN_UNINITIALIZED_AUTOS = YES_AGGRESSIVE;
				GCC_WARN_UNUSED_FUNCTION = YES;
				GCC_WARN_UNUSED_VARIABLE = YES;
				IPHONEOS_DEPLOYMENT_TARGET = 8.1;
				MTL_ENABLE_DEBUG_INFO = NO;
				SDKROOT = iphoneos;
				VALIDATE_PRODUCT = YES;
			};
			name = Release;
		};
		89AC74E01A03E52D00D4B5C3 /* Debug */ = {
			isa = XCBuildConfiguration;
			buildSettings = {
				ASSETCATALOG_COMPILER_APPICON_NAME = AppIcon;
				INFOPLIST_FILE = FingerPaint/Info.plist;
				LD_RUNPATH_SEARCH_PATHS = "$(inherited) @executable_path/Frameworks";
				PRODUCT_NAME = "$(TARGET_NAME)";
			};
			name = Debug;
		};
		89AC74E11A03E52D00D4B5C3 /* Release */ = {
			isa = XCBuildConfiguration;
			buildSettings = {
				ASSETCATALOG_COMPILER_APPICON_NAME = AppIcon;
				INFOPLIST_FILE = FingerPaint/Info.plist;
				LD_RUNPATH_SEARCH_PATHS = "$(inherited) @executable_path/Frameworks";
				PRODUCT_NAME = "$(TARGET_NAME)";
			};
			name = Release;
		};
		89AC74E31A03E52D00D4B5C3 /* Debug */ = {
			isa = XCBuildConfiguration;
			buildSettings = {
				BUNDLE_LOADER = "$(TEST_HOST)";
				FRAMEWORK_SEARCH_PATHS = (
					"$(SDKROOT)/Developer/Library/Frameworks",
					"$(inherited)",
				);
				GCC_PREPROCESSOR_DEFINITIONS = (
					"DEBUG=1",
					"$(inherited)",
				);
				INFOPLIST_FILE = FingerPaintTests/Info.plist;
				LD_RUNPATH_SEARCH_PATHS = "$(inherited) @executable_path/Frameworks @loader_path/Frameworks";
				PRODUCT_NAME = "$(TARGET_NAME)";
				TEST_HOST = "$(BUILT_PRODUCTS_DIR)/FingerPaint.app/FingerPaint";
			};
			name = Debug;
		};
		89AC74E41A03E52D00D4B5C3 /* Release */ = {
			isa = XCBuildConfiguration;
			buildSettings = {
				BUNDLE_LOADER = "$(TEST_HOST)";
				FRAMEWORK_SEARCH_PATHS = (
					"$(SDKROOT)/Developer/Library/Frameworks",
					"$(inherited)",
				);
				INFOPLIST_FILE = FingerPaintTests/Info.plist;
				LD_RUNPATH_SEARCH_PATHS = "$(inherited) @executable_path/Frameworks @loader_path/Frameworks";
				PRODUCT_NAME = "$(TARGET_NAME)";
				TEST_HOST = "$(BUILT_PRODUCTS_DIR)/FingerPaint.app/FingerPaint";
			};
			name = Release;
		};
/* End XCBuildConfiguration section */

/* Begin XCConfigurationList section */
		89AC74BB1A03E52D00D4B5C3 /* Build configuration list for PBXProject "FingerPaint" */ = {
			isa = XCConfigurationList;
			buildConfigurations = (
				89AC74DD1A03E52D00D4B5C3 /* Debug */,
				89AC74DE1A03E52D00D4B5C3 /* Release */,
			);
			defaultConfigurationIsVisible = 0;
			defaultConfigurationName = Release;
		};
		89AC74DF1A03E52D00D4B5C3 /* Build configuration list for PBXNativeTarget "FingerPaint" */ = {
			isa = XCConfigurationList;
			buildConfigurations = (
				89AC74E01A03E52D00D4B5C3 /* Debug */,
				89AC74E11A03E52D00D4B5C3 /* Release */,
			);
			defaultConfigurationIsVisible = 0;
		};
		89AC74E21A03E52D00D4B5C3 /* Build configuration list for PBXNativeTarget "FingerPaintTests" */ = {
			isa = XCConfigurationList;
			buildConfigurations = (
				89AC74E31A03E52D00D4B5C3 /* Debug */,
				89AC74E41A03E52D00D4B5C3 /* Release */,
			);
			defaultConfigurationIsVisible = 0;
		};
/* End XCConfigurationList section */
	};
	rootObject = 89AC74B81A03E52D00D4B5C3 /* Project object */;
}
